
Microsoft Visual Studio Solution File, Format Version 12.00
# Visual Studio 15
VisualStudioVersion = 15.0.28307.902
MinimumVisualStudioVersion = 10.0.40219.1
Project("{FAE04EC0-301F-11D3-BF4B-00C04F79EFBC}") = "VirusDynamic_UI", "VirusDynamic_UI\VirusDynamic_UI.csproj", "{F3BF819C-062D-4F10-9928-C57FD201F23E}"
EndProject
Project("{FAE04EC0-301F-11D3-BF4B-00C04F79EFBC}") = "VirusDynamic_Logic", "VirusDynamic_Logic\VirusDynamic_Logic.csproj", "{B4F35FC3-6A10-4B08-8DE7-C5A0141F5DF4}"
EndProject
Global
	GlobalSection(SolutionConfigurationPlatforms) = preSolution
		Debug|Any CPU = Debug|Any CPU
		Release|Any CPU = Release|Any CPU
	EndGlobalSection
	GlobalSection(ProjectConfigurationPlatforms) = postSolution
		{F3BF819C-062D-4F10-9928-C57FD201F23E}.Debug|Any CPU.ActiveCfg = Debug|Any CPU
		{F3BF819C-062D-4F10-9928-C57FD201F23E}.Debug|Any CPU.Build.0 = Debug|Any CPU
		{F3BF819C-062D-4F10-9928-C57FD201F23E}.Release|Any CPU.ActiveCfg = Release|Any CPU
		{F3BF819C-062D-4F10-9928-C57FD201F23E}.Release|Any CPU.Build.0 = Release|Any CPU
		{B4F35FC3-6A10-4B08-8DE7-C5A0141F5DF4}.Debug|Any CPU.ActiveCfg = Debug|Any CPU
		{B4F35FC3-6A10-4B08-8DE7-C5A0141F5DF4}.Debug|Any CPU.Build.0 = Debug|Any CPU
		{B4F35FC3-6A10-4B08-8DE7-C5A0141F5DF4}.Release|Any CPU.ActiveCfg = Release|Any CPU
		{B4F35FC3-6A10-4B08-8DE7-C5A0141F5DF4}.Release|Any CPU.Build.0 = Release|Any CPU
	EndGlobalSection
	GlobalSection(SolutionProperties) = preSolution
		HideSolutionNode = FALSE
	EndGlobalSection
	GlobalSection(ExtensibilityGlobals) = postSolution
		SolutionGuid = {78F99F44-5FB4-49EE-BA48-5A18C6A2A499}
	EndGlobalSection
EndGlobal
